{
  "name": "budgeteer",
  "version": "1.0.0",
  "lockfileVersion": 3,
  "requires": true,
  "packages": {
    "": {
      "name": "budgeteer",
      "version": "1.0.0",
      "license": "ISC",
      "dependencies": {
        "@materializecss/materialize": "^2.0.2-alpha",
        "jquery": "^3.7.0",
        "jquery-ui": "^1.13.2",
        "jquery-ui-touch-punch": "^0.2.3",
        "jquery.tabbable": "^1.0.1",
        "resize-observer-polyfill": "^1.5.1",
        "simplebar": "^6.2.5"
      }
    },
    "node_modules/@materializecss/materialize": {
      "version": "2.0.2-alpha",
      "resolved": "https://registry.npmjs.org/@materializecss/materialize/-/materialize-2.0.2-alpha.tgz",
      "integrity": "sha512-qqme9A8FDTfOP4aaFBtIIcOnq/qjGilLqdchBohFyhLErNW29ar6qKjR2+1To203OUUHNg/m9eC/f7Os9MxaGg==",
      "hasInstallScript": true,
      "dependencies": {
        "animejs": "^3.2.1"
      }
    },
    "node_modules/@types/lodash": {
      "version": "4.14.197",
      "resolved": "https://registry.npmjs.org/@types/lodash/-/lodash-4.14.197.tgz",
      "integrity": "sha512-BMVOiWs0uNxHVlHBgzTIqJYmj+PgCo4euloGF+5m4okL3rEYzM2EEv78mw8zWSMM57dM7kVIgJ2QDvwHSoCI5g=="
    },
    "node_modules/@types/lodash-es": {
      "version": "4.17.8",
      "resolved": "https://registry.npmjs.org/@types/lodash-es/-/lodash-es-4.17.8.tgz",
      "integrity": "sha512-euY3XQcZmIzSy7YH5+Unb3b2X12Wtk54YWINBvvGQ5SmMvwb11JQskGsfkH/5HXK77Kr8GF0wkVDIxzAisWtog==",
      "dependencies": {
        "@types/lodash": "*"
      }
    },
    "node_modules/animejs": {
      "version": "3.2.1",
      "resolved": "https://registry.npmjs.org/animejs/-/animejs-3.2.1.tgz",
      "integrity": "sha512-sWno3ugFryK5nhiDm/2BKeFCpZv7vzerWUcUPyAZLDhMek3+S/p418ldZJbJXo5ZUOpfm2kP2XRO4NJcULMy9A=="
    },
    "node_modules/can-use-dom": {
      "version": "0.1.0",
      "resolved": "https://registry.npmjs.org/can-use-dom/-/can-use-dom-0.1.0.tgz",
      "integrity": "sha512-ceOhN1DL7Y4O6M0j9ICgmTYziV89WMd96SvSl0REd8PMgrY0B/WBOPoed5S1KUmJqXgUXh8gzSe6E3ae27upsQ=="
    },
    "node_modules/jquery": {
      "version": "3.7.0",
      "resolved": "https://registry.npmjs.org/jquery/-/jquery-3.7.0.tgz",
      "integrity": "sha512-umpJ0/k8X0MvD1ds0P9SfowREz2LenHsQaxSohMZ5OMNEU2r0tf8pdeEFTHMFxWVxKNyU9rTtK3CWzUCTKJUeQ=="
    },
    "node_modules/jquery-ui": {
      "version": "1.13.2",
      "resolved": "https://registry.npmjs.org/jquery-ui/-/jquery-ui-1.13.2.tgz",
      "integrity": "sha512-wBZPnqWs5GaYJmo1Jj0k/mrSkzdQzKDwhXNtHKcBdAcKVxMM3KNYFq+iJ2i1rwiG53Z8M4mTn3Qxrm17uH1D4Q==",
      "dependencies": {
        "jquery": ">=1.8.0 <4.0.0"
      }
    },
    "node_modules/jquery-ui-touch-punch": {
      "version": "0.2.3",
      "resolved": "https://registry.npmjs.org/jquery-ui-touch-punch/-/jquery-ui-touch-punch-0.2.3.tgz",
      "integrity": "sha512-Q/7aAd+SjbV0SspHO7Kuk96NJIbLwJAS0lD81U1PKcU2T5ZKayXMORH+Y5qvYLuy41xqVQbWimsRKDn1v3oI2Q=="
    },
    "node_modules/jquery.tabbable": {
      "version": "1.0.1",
      "resolved": "https://registry.npmjs.org/jquery.tabbable/-/jquery.tabbable-1.0.1.tgz",
      "integrity": "sha512-cN4RDSGJIjshgaQWYrrYT0iD3Qp3WTfsoEJdUo7ENzwYifv0OC9NKQi1vcgxd0InkvAWJ1+cXSjwM+TiIbObgw=="
    },
    "node_modules/lodash": {
      "version": "4.17.21",
      "resolved": "https://registry.npmjs.org/lodash/-/lodash-4.17.21.tgz",
      "integrity": "sha512-v2kDEe57lecTulaDIuNTPy3Ry4gLGJ6Z1O3vE1krgXZNrsQ+LFTGHVxVjcXPs17LhbZVGedAJv8XZ1tvj5FvSg=="
    },
    "node_modules/lodash-es": {
      "version": "4.17.21",
      "resolved": "https://registry.npmjs.org/lodash-es/-/lodash-es-4.17.21.tgz",
      "integrity": "sha512-mKnC+QJ9pWVzv+C4/U3rRsHapFfHvQFoFB92e52xeyGMcX6/OlIl78je1u8vePzYZSkkogMPJ2yjxxsb89cxyw=="
    },
    "node_modules/resize-observer-polyfill": {
      "version": "1.5.1",
      "resolved": "https://registry.npmjs.org/resize-observer-polyfill/-/resize-observer-polyfill-1.5.1.tgz",
      "integrity": "sha512-LwZrotdHOo12nQuZlHEmtuXdqGoOD0OhaxopaNFxWzInpEgaLWoVuAMbTzixuosCx2nEG58ngzW3vxdWoxIgdg=="
    },
    "node_modules/simplebar": {
      "version": "6.2.5",
      "resolved": "https://registry.npmjs.org/simplebar/-/simplebar-6.2.5.tgz",
      "integrity": "sha512-vfxKR6KNBsPx7+sZnqO7T8VuCvi4px6OlycrrkNgyjvoHhRW7LIyVkHhUfXxbz33Gw99Wb9UMMsnEZv35wtLSw==",
      "dependencies": {
        "can-use-dom": "^0.1.0",
        "simplebar-core": "^1.2.4"
      }
    },
    "node_modules/simplebar-core": {
      "version": "1.2.4",
      "resolved": "https://registry.npmjs.org/simplebar-core/-/simplebar-core-1.2.4.tgz",
      "integrity": "sha512-P+Sqshef4fq3++gQ82TgNYcgl3qZFSCP5jS2/8NMmw18oagXOijMzs1G+vm6RUY3oMvpwH3wGoqh9u6SyDjHfQ==",
      "dependencies": {
        "@types/lodash-es": "^4.17.6",
        "can-use-dom": "^0.1.0",
        "lodash": "^4.17.21",
        "lodash-es": "^4.17.21"
      }
    }
  }
}
